// !$*UTF8*$!
{
	archiveVersion = 1;
	classes = {
	};
	objectVersion = 45;
	objects = {

/* Begin PBXBuildFile section */
		0A255C5F1607CC7E00817BA4 /* ReadMe.md in Resources */ = {isa = PBXBuildFile; fileRef = 0A255C5B1607CC7E00817BA4 /* ReadMe.md */; };
		0A255C601607CC7E00817BA4 /* ofxPanZoom.mm in Sources */ = {isa = PBXBuildFile; fileRef = 0A255C5E1607CC7E00817BA4 /* ofxPanZoom.mm */; };
		0A3965541626281300A2FF6A /* Tween.cpp in Sources */ = {isa = PBXBuildFile; fileRef = 0A39654D1626281300A2FF6A /* Tween.cpp */; };
		0A3965551626281300A2FF6A /* Tweenzor.cpp in Sources */ = {isa = PBXBuildFile; fileRef = 0A3965521626281300A2FF6A /* Tweenzor.cpp */; };
		0A530F961641CA5A00EA64C4 /* ESSicon.png in Resources */ = {isa = PBXBuildFile; fileRef = 0A530F951641CA5A00EA64C4 /* ESSicon.png */; };
		0A530F981641CAB500EA64C4 /* ESSicon2.png in Resources */ = {isa = PBXBuildFile; fileRef = 0A530F971641CAB500EA64C4 /* ESSicon2.png */; };
		0A5F5F6E15C6E98F00A37130 /* map1Scene.mm in Sources */ = {isa = PBXBuildFile; fileRef = 0A5F5F6015C6E98E00A37130 /* map1Scene.mm */; };
		0A5F5F6F15C6E98F00A37130 /* homeScene.mm in Sources */ = {isa = PBXBuildFile; fileRef = 0A5F5F6215C6E98E00A37130 /* homeScene.mm */; };
		0A5F5F7015C6E98F00A37130 /* aboutScene.mm in Sources */ = {isa = PBXBuildFile; fileRef = 0A5F5F6415C6E98E00A37130 /* aboutScene.mm */; };
		0A5F5F7115C6E98F00A37130 /* essAssetManager.mm in Sources */ = {isa = PBXBuildFile; fileRef = 0A5F5F6615C6E98E00A37130 /* essAssetManager.mm */; };
		0A5F5F7315C6E98F00A37130 /* swMenu.mm in Sources */ = {isa = PBXBuildFile; fileRef = 0A5F5F6A15C6E98E00A37130 /* swMenu.mm */; };
		0A5F5F7415C6E98F00A37130 /* essSceneManager.mm in Sources */ = {isa = PBXBuildFile; fileRef = 0A5F5F6C15C6E98E00A37130 /* essSceneManager.mm */; };
		0A5F5F9115C6E9C400A37130 /* baseButton.cpp in Sources */ = {isa = PBXBuildFile; fileRef = 0A5F5F7B15C6E9C400A37130 /* baseButton.cpp */; };
		0A5F5F9215C6E9C400A37130 /* README in Resources */ = {isa = PBXBuildFile; fileRef = 0A5F5F7E15C6E9C400A37130 /* README */; };
		0A5F5F9315C6E9C400A37130 /* ofxFreeType2.cpp in Sources */ = {isa = PBXBuildFile; fileRef = 0A5F5F8015C6E9C400A37130 /* ofxFreeType2.cpp */; };
		0A5F5F9415C6E9C400A37130 /* ofxSceneManager.cpp in Sources */ = {isa = PBXBuildFile; fileRef = 0A5F5F8415C6E9C400A37130 /* ofxSceneManager.cpp */; };
		0A5F5F9515C6E9C400A37130 /* ofxSceneManager2.cpp in Sources */ = {isa = PBXBuildFile; fileRef = 0A5F5F8615C6E9C400A37130 /* ofxSceneManager2.cpp */; };
		0A5F5F9615C6E9C400A37130 /* ofxSceneManagerScene.cpp in Sources */ = {isa = PBXBuildFile; fileRef = 0A5F5F8815C6E9C400A37130 /* ofxSceneManagerScene.cpp */; };
		0A5F5F9715C6E9C400A37130 /* ofxVtronImageTexture.cpp in Sources */ = {isa = PBXBuildFile; fileRef = 0A5F5F8C15C6E9C400A37130 /* ofxVtronImageTexture.cpp */; };
		0A5F5FE815C7106300A37130 /* map2Scene.mm in Sources */ = {isa = PBXBuildFile; fileRef = 0A5F5FE615C7106300A37130 /* map2Scene.mm */; };
		0A5F5FEB15C7109600A37130 /* map3Scene.mm in Sources */ = {isa = PBXBuildFile; fileRef = 0A5F5FE915C7109500A37130 /* map3Scene.mm */; };
		0A5F5FF615C7422500A37130 /* map4Scene.mm in Sources */ = {isa = PBXBuildFile; fileRef = 0A5F5FF415C7422500A37130 /* map4Scene.mm */; };
		0A7346F815D98CC1002B643F /* tinyxml.cpp in Sources */ = {isa = PBXBuildFile; fileRef = 0A7346F115D98CC1002B643F /* tinyxml.cpp */; };
		0A7346F915D98CC1002B643F /* tinyxmlerror.cpp in Sources */ = {isa = PBXBuildFile; fileRef = 0A7346F315D98CC1002B643F /* tinyxmlerror.cpp */; };
		0A7346FA15D98CC1002B643F /* tinyxmlparser.cpp in Sources */ = {isa = PBXBuildFile; fileRef = 0A7346F415D98CC1002B643F /* tinyxmlparser.cpp */; };
		0A7346FB15D98CC1002B643F /* ofxXmlSettings.cpp in Sources */ = {isa = PBXBuildFile; fileRef = 0A7346F615D98CC1002B643F /* ofxXmlSettings.cpp */; };
		0A93FFC015F6CC39000F6817 /* Default.png in Resources */ = {isa = PBXBuildFile; fileRef = 0A93FFBF15F6CC39000F6817 /* Default.png */; };
		0A93FFC215F6CC3E000F6817 /* Default@2x.png in Resources */ = {isa = PBXBuildFile; fileRef = 0A93FFC115F6CC3E000F6817 /* Default@2x.png */; };
		0A95024F1657EA48006E7F9A /* iTunesArtwork in Resources */ = {isa = PBXBuildFile; fileRef = 0A95024E1657EA48006E7F9A /* iTunesArtwork */; };
		0A950313165895A7006E7F9A /* .gitignore in Resources */ = {isa = PBXBuildFile; fileRef = 0A9502E7165895A7006E7F9A /* .gitignore */; };
		0A950314165895A7006E7F9A /* README in Resources */ = {isa = PBXBuildFile; fileRef = 0A9502E8165895A7006E7F9A /* README */; };
		0AB27C5615DBE5E500C3D016 /* ess_oralHist.mm in Sources */ = {isa = PBXBuildFile; fileRef = 0AB27C5515DBE5E500C3D016 /* ess_oralHist.mm */; };
		0AB27C5915DBF5A400C3D016 /* essBaseScene.mm in Sources */ = {isa = PBXBuildFile; fileRef = 0AB27C5815DBF5A400C3D016 /* essBaseScene.mm */; };
		1D60589F0D05DD5A006BFB54 /* Foundation.framework in Frameworks */ = {isa = PBXBuildFile; fileRef = 1D30AB110D05D00D00671497 /* Foundation.framework */; };
		1DF5F4E00D08C38300B7A737 /* UIKit.framework in Frameworks */ = {isa = PBXBuildFile; fileRef = 1DF5F4DF0D08C38300B7A737 /* UIKit.framework */; };
		288765FD0DF74451002DB57D /* CoreGraphics.framework in Frameworks */ = {isa = PBXBuildFile; fileRef = 288765FC0DF74451002DB57D /* CoreGraphics.framework */; };
		5326AEA810A23A0500278DE6 /* CoreLocation.framework in Frameworks */ = {isa = PBXBuildFile; fileRef = 5326AEA710A23A0500278DE6 /* CoreLocation.framework */; };
		53F323EB10A20EDB00E0DAE4 /* OpenAL.framework in Frameworks */ = {isa = PBXBuildFile; fileRef = 53F323EA10A20EDB00E0DAE4 /* OpenAL.framework */; };
		BB16EBD20F2B2A9500518274 /* OpenGLES.framework in Frameworks */ = {isa = PBXBuildFile; fileRef = BB16EBD10F2B2A9500518274 /* OpenGLES.framework */; };
		BB16EBD90F2B2AB500518274 /* QuartzCore.framework in Frameworks */ = {isa = PBXBuildFile; fileRef = BB16EBD80F2B2AB500518274 /* QuartzCore.framework */; };
		BB24DD9010DA77E000E9C588 /* Icon.png in Resources */ = {isa = PBXBuildFile; fileRef = BB24DD8D10DA77E000E9C588 /* Icon.png */; };
		BB24DDCA10DA781C00E9C588 /* ofxiphone-Info.plist in Resources */ = {isa = PBXBuildFile; fileRef = BB24DDC910DA781C00E9C588 /* ofxiphone-Info.plist */; };
		BBE5EAB80F49AD8400F28951 /* AudioToolbox.framework in Frameworks */ = {isa = PBXBuildFile; fileRef = BBE5EAB70F49AD8400F28951 /* AudioToolbox.framework */; };
		D422D96B162CAA41006BBCBA /* ofSwipeGestureRecognizer.m in Sources */ = {isa = PBXBuildFile; fileRef = D422D96A162CAA41006BBCBA /* ofSwipeGestureRecognizer.m */; };
		E41D3ED713B38FB500A75A5D /* Project.xcconfig in Resources */ = {isa = PBXBuildFile; fileRef = E41D3ED613B38FB500A75A5D /* Project.xcconfig */; };
		E41D3EE613B3906D00A75A5D /* CoreOF.xcconfig in Resources */ = {isa = PBXBuildFile; fileRef = E41D3EE513B3906D00A75A5D /* CoreOF.xcconfig */; };
		E41D400B13B39D2100A75A5D /* AVFoundation.framework in Frameworks */ = {isa = PBXBuildFile; fileRef = E41D400613B39D2100A75A5D /* AVFoundation.framework */; };
		E41D400C13B39D2100A75A5D /* CoreMedia.framework in Frameworks */ = {isa = PBXBuildFile; fileRef = E41D400713B39D2100A75A5D /* CoreMedia.framework */; };
		E41D400D13B39D2100A75A5D /* CoreVideo.framework in Frameworks */ = {isa = PBXBuildFile; fileRef = E41D400813B39D2100A75A5D /* CoreVideo.framework */; };
		E41D400E13B39D2100A75A5D /* MapKit.framework in Frameworks */ = {isa = PBXBuildFile; fileRef = E41D400913B39D2100A75A5D /* MapKit.framework */; };
		E41D421413B3A95300A75A5D /* libofxiPhone_iphoneos_Debug.a in Frameworks */ = {isa = PBXBuildFile; fileRef = E41D410213B3A0D800A75A5D /* libofxiPhone_iphoneos_Debug.a */; };
		E4A823A412561BE3002F86A2 /* CoreGraphics.framework in Frameworks */ = {isa = PBXBuildFile; fileRef = E4A823A312561BE3002F86A2 /* CoreGraphics.framework */; };
		E4D8936E11527B74007E1F53 /* main.mm in Sources */ = {isa = PBXBuildFile; fileRef = E4D8936B11527B74007E1F53 /* main.mm */; };
		E4D8936F11527B74007E1F53 /* testApp.mm in Sources */ = {isa = PBXBuildFile; fileRef = E4D8936D11527B74007E1F53 /* testApp.mm */; };
/* End PBXBuildFile section */

/* Begin PBXContainerItemProxy section */
		E41D410113B3A0D800A75A5D /* PBXContainerItemProxy */ = {
			isa = PBXContainerItemProxy;
			containerPortal = E41D40FD13B3A0D800A75A5D /* iOS+OFLib.xcodeproj */;
			proxyType = 2;
			remoteGlobalIDString = BB24DED610DA7A3F00E9C588;
			remoteInfo = "iPhone+OF Static Library";
		};
		E41D410313B3A11300A75A5D /* PBXContainerItemProxy */ = {
			isa = PBXContainerItemProxy;
			containerPortal = E41D40FD13B3A0D800A75A5D /* iOS+OFLib.xcodeproj */;
			proxyType = 1;
			remoteGlobalIDString = BB24DE5C10DA7A3F00E9C588;
			remoteInfo = "iPhone+OF Static Library";
		};
/* End PBXContainerItemProxy section */

/* Begin PBXFileReference section */
		0A255C5B1607CC7E00817BA4 /* ReadMe.md */ = {isa = PBXFileReference; fileEncoding = 4; lastKnownFileType = text; path = ReadMe.md; sourceTree = "<group>"; };
		0A255C5D1607CC7E00817BA4 /* ofxPanZoom.h */ = {isa = PBXFileReference; fileEncoding = 4; lastKnownFileType = sourcecode.c.h; path = ofxPanZoom.h; sourceTree = "<group>"; };
		0A255C5E1607CC7E00817BA4 /* ofxPanZoom.mm */ = {isa = PBXFileReference; fileEncoding = 4; lastKnownFileType = sourcecode.cpp.objcpp; path = ofxPanZoom.mm; sourceTree = "<group>"; };
		0A39654C1626281300A2FF6A /* ofxTweenzor.h */ = {isa = PBXFileReference; fileEncoding = 4; lastKnownFileType = sourcecode.c.h; path = ofxTweenzor.h; sourceTree = "<group>"; };
		0A39654D1626281300A2FF6A /* Tween.cpp */ = {isa = PBXFileReference; fileEncoding = 4; lastKnownFileType = sourcecode.cpp.cpp; path = Tween.cpp; sourceTree = "<group>"; };
		0A39654E1626281300A2FF6A /* Tween.h */ = {isa = PBXFileReference; fileEncoding = 4; lastKnownFileType = sourcecode.c.h; path = Tween.h; sourceTree = "<group>"; };
		0A39654F1626281300A2FF6A /* TweenEvent.h */ = {isa = PBXFileReference; fileEncoding = 4; lastKnownFileType = sourcecode.c.h; path = TweenEvent.h; sourceTree = "<group>"; };
		0A3965501626281300A2FF6A /* TweenFunctions.h */ = {isa = PBXFileReference; fileEncoding = 4; lastKnownFileType = sourcecode.c.h; path = TweenFunctions.h; sourceTree = "<group>"; };
		0A3965511626281300A2FF6A /* TweenSelector.h */ = {isa = PBXFileReference; fileEncoding = 4; lastKnownFileType = sourcecode.c.h; path = TweenSelector.h; sourceTree = "<group>"; };
		0A3965521626281300A2FF6A /* Tweenzor.cpp */ = {isa = PBXFileReference; fileEncoding = 4; lastKnownFileType = sourcecode.cpp.cpp; path = Tweenzor.cpp; sourceTree = "<group>"; };
		0A3965531626281300A2FF6A /* Tweenzor.h */ = {isa = PBXFileReference; fileEncoding = 4; lastKnownFileType = sourcecode.c.h; path = Tweenzor.h; sourceTree = "<group>"; };
		0A530F951641CA5A00EA64C4 /* ESSicon.png */ = {isa = PBXFileReference; lastKnownFileType = image.png; path = ESSicon.png; sourceTree = "<group>"; };
		0A530F971641CAB500EA64C4 /* ESSicon2.png */ = {isa = PBXFileReference; lastKnownFileType = image.png; path = ESSicon2.png; sourceTree = "<group>"; };
		0A5F5F6015C6E98E00A37130 /* map1Scene.mm */ = {isa = PBXFileReference; fileEncoding = 4; lastKnownFileType = sourcecode.cpp.objcpp; lineEnding = 0; name = map1Scene.mm; path = src/map1Scene.mm; sourceTree = "<group>"; xcLanguageSpecificationIdentifier = xcode.lang.objcpp; };
		0A5F5F6115C6E98E00A37130 /* map1Scene.h */ = {isa = PBXFileReference; fileEncoding = 4; lastKnownFileType = sourcecode.c.h; lineEnding = 0; name = map1Scene.h; path = src/map1Scene.h; sourceTree = "<group>"; xcLanguageSpecificationIdentifier = xcode.lang.objcpp; };
		0A5F5F6215C6E98E00A37130 /* homeScene.mm */ = {isa = PBXFileReference; fileEncoding = 4; lastKnownFileType = sourcecode.cpp.objcpp; lineEnding = 0; name = homeScene.mm; path = src/homeScene.mm; sourceTree = "<group>"; xcLanguageSpecificationIdentifier = xcode.lang.objcpp; };
		0A5F5F6315C6E98E00A37130 /* homeScene.h */ = {isa = PBXFileReference; fileEncoding = 4; lastKnownFileType = sourcecode.c.h; lineEnding = 0; name = homeScene.h; path = src/homeScene.h; sourceTree = "<group>"; xcLanguageSpecificationIdentifier = xcode.lang.objcpp; };
		0A5F5F6415C6E98E00A37130 /* aboutScene.mm */ = {isa = PBXFileReference; fileEncoding = 4; lastKnownFileType = sourcecode.cpp.objcpp; lineEnding = 0; name = aboutScene.mm; path = src/aboutScene.mm; sourceTree = "<group>"; xcLanguageSpecificationIdentifier = xcode.lang.objcpp; };
		0A5F5F6515C6E98E00A37130 /* aboutScene.h */ = {isa = PBXFileReference; fileEncoding = 4; lastKnownFileType = sourcecode.c.h; lineEnding = 0; name = aboutScene.h; path = src/aboutScene.h; sourceTree = "<group>"; xcLanguageSpecificationIdentifier = xcode.lang.objcpp; };
		0A5F5F6615C6E98E00A37130 /* essAssetManager.mm */ = {isa = PBXFileReference; fileEncoding = 4; lastKnownFileType = sourcecode.cpp.objcpp; path = essAssetManager.mm; sourceTree = "<group>"; };
		0A5F5F6715C6E98E00A37130 /* essAssetManager.h */ = {isa = PBXFileReference; fileEncoding = 4; lastKnownFileType = sourcecode.c.h; path = essAssetManager.h; sourceTree = "<group>"; };
		0A5F5F6A15C6E98E00A37130 /* swMenu.mm */ = {isa = PBXFileReference; fileEncoding = 4; lastKnownFileType = sourcecode.cpp.objcpp; lineEnding = 0; path = swMenu.mm; sourceTree = "<group>"; xcLanguageSpecificationIdentifier = xcode.lang.objcpp; };
		0A5F5F6B15C6E98E00A37130 /* swMenu.h */ = {isa = PBXFileReference; fileEncoding = 4; lastKnownFileType = sourcecode.c.h; lineEnding = 0; path = swMenu.h; sourceTree = "<group>"; xcLanguageSpecificationIdentifier = xcode.lang.objcpp; };
		0A5F5F6C15C6E98E00A37130 /* essSceneManager.mm */ = {isa = PBXFileReference; fileEncoding = 4; lastKnownFileType = sourcecode.cpp.objcpp; lineEnding = 0; path = essSceneManager.mm; sourceTree = "<group>"; xcLanguageSpecificationIdentifier = xcode.lang.objcpp; };
		0A5F5F6D15C6E98E00A37130 /* essSceneManager.h */ = {isa = PBXFileReference; fileEncoding = 4; lastKnownFileType = sourcecode.c.h; lineEnding = 0; path = essSceneManager.h; sourceTree = "<group>"; xcLanguageSpecificationIdentifier = xcode.lang.objcpp; };
		0A5F5F7B15C6E9C400A37130 /* baseButton.cpp */ = {isa = PBXFileReference; fileEncoding = 4; lastKnownFileType = sourcecode.cpp.cpp; path = baseButton.cpp; sourceTree = "<group>"; };
		0A5F5F7C15C6E9C400A37130 /* baseButton.h */ = {isa = PBXFileReference; fileEncoding = 4; lastKnownFileType = sourcecode.c.h; path = baseButton.h; sourceTree = "<group>"; };
		0A5F5F7E15C6E9C400A37130 /* README */ = {isa = PBXFileReference; fileEncoding = 4; lastKnownFileType = text; path = README; sourceTree = "<group>"; };
		0A5F5F8015C6E9C400A37130 /* ofxFreeType2.cpp */ = {isa = PBXFileReference; fileEncoding = 4; lastKnownFileType = sourcecode.cpp.cpp; path = ofxFreeType2.cpp; sourceTree = "<group>"; };
		0A5F5F8115C6E9C400A37130 /* ofxFreeType2.h */ = {isa = PBXFileReference; fileEncoding = 4; lastKnownFileType = sourcecode.c.h; path = ofxFreeType2.h; sourceTree = "<group>"; };
		0A5F5F8415C6E9C400A37130 /* ofxSceneManager.cpp */ = {isa = PBXFileReference; fileEncoding = 4; lastKnownFileType = sourcecode.cpp.cpp; path = ofxSceneManager.cpp; sourceTree = "<group>"; };
		0A5F5F8515C6E9C400A37130 /* ofxSceneManager.h */ = {isa = PBXFileReference; fileEncoding = 4; lastKnownFileType = sourcecode.c.h; path = ofxSceneManager.h; sourceTree = "<group>"; };
		0A5F5F8615C6E9C400A37130 /* ofxSceneManager2.cpp */ = {isa = PBXFileReference; fileEncoding = 4; lastKnownFileType = sourcecode.cpp.cpp; path = ofxSceneManager2.cpp; sourceTree = "<group>"; };
		0A5F5F8715C6E9C400A37130 /* ofxSceneManager2.h */ = {isa = PBXFileReference; fileEncoding = 4; lastKnownFileType = sourcecode.c.h; path = ofxSceneManager2.h; sourceTree = "<group>"; };
		0A5F5F8815C6E9C400A37130 /* ofxSceneManagerScene.cpp */ = {isa = PBXFileReference; fileEncoding = 4; lastKnownFileType = sourcecode.cpp.cpp; path = ofxSceneManagerScene.cpp; sourceTree = "<group>"; };
		0A5F5F8915C6E9C400A37130 /* ofxSceneManagerScene.h */ = {isa = PBXFileReference; fileEncoding = 4; lastKnownFileType = sourcecode.c.h; path = ofxSceneManagerScene.h; sourceTree = "<group>"; };
		0A5F5F8C15C6E9C400A37130 /* ofxVtronImageTexture.cpp */ = {isa = PBXFileReference; fileEncoding = 4; lastKnownFileType = sourcecode.cpp.cpp; path = ofxVtronImageTexture.cpp; sourceTree = "<group>"; };
		0A5F5F8D15C6E9C400A37130 /* ofxVtronImageTexture.h */ = {isa = PBXFileReference; fileEncoding = 4; lastKnownFileType = sourcecode.c.h; path = ofxVtronImageTexture.h; sourceTree = "<group>"; };
		0A5F5F9015C6E9C400A37130 /* ofxVtronUtils.h */ = {isa = PBXFileReference; fileEncoding = 4; lastKnownFileType = sourcecode.c.h; path = ofxVtronUtils.h; sourceTree = "<group>"; };
		0A5F5FE615C7106300A37130 /* map2Scene.mm */ = {isa = PBXFileReference; fileEncoding = 4; lastKnownFileType = sourcecode.cpp.objcpp; lineEnding = 0; name = map2Scene.mm; path = src/map2Scene.mm; sourceTree = "<group>"; xcLanguageSpecificationIdentifier = xcode.lang.objcpp; };
		0A5F5FE715C7106300A37130 /* map2Scene.h */ = {isa = PBXFileReference; fileEncoding = 4; lastKnownFileType = sourcecode.c.h; lineEnding = 0; name = map2Scene.h; path = src/map2Scene.h; sourceTree = "<group>"; xcLanguageSpecificationIdentifier = xcode.lang.objcpp; };
		0A5F5FE915C7109500A37130 /* map3Scene.mm */ = {isa = PBXFileReference; fileEncoding = 4; lastKnownFileType = sourcecode.cpp.objcpp; lineEnding = 0; name = map3Scene.mm; path = src/map3Scene.mm; sourceTree = "<group>"; xcLanguageSpecificationIdentifier = xcode.lang.objcpp; };
		0A5F5FEA15C7109500A37130 /* map3Scene.h */ = {isa = PBXFileReference; fileEncoding = 4; lastKnownFileType = sourcecode.c.h; lineEnding = 0; name = map3Scene.h; path = src/map3Scene.h; sourceTree = "<group>"; xcLanguageSpecificationIdentifier = xcode.lang.objcpp; };
		0A5F5FF415C7422500A37130 /* map4Scene.mm */ = {isa = PBXFileReference; fileEncoding = 4; lastKnownFileType = sourcecode.cpp.objcpp; lineEnding = 0; name = map4Scene.mm; path = src/map4Scene.mm; sourceTree = "<group>"; xcLanguageSpecificationIdentifier = xcode.lang.objcpp; };
		0A5F5FF515C7422500A37130 /* map4Scene.h */ = {isa = PBXFileReference; fileEncoding = 4; lastKnownFileType = sourcecode.c.h; lineEnding = 0; name = map4Scene.h; path = src/map4Scene.h; sourceTree = "<group>"; xcLanguageSpecificationIdentifier = xcode.lang.objcpp; };
		0A7346E815D97C4C002B643F /* ess_oralHist.h */ = {isa = PBXFileReference; fileEncoding = 4; lastKnownFileType = sourcecode.c.h; lineEnding = 0; path = ess_oralHist.h; sourceTree = "<group>"; xcLanguageSpecificationIdentifier = xcode.lang.objcpp; };
		0A7346F115D98CC1002B643F /* tinyxml.cpp */ = {isa = PBXFileReference; fileEncoding = 4; lastKnownFileType = sourcecode.cpp.cpp; path = tinyxml.cpp; sourceTree = "<group>"; };
		0A7346F215D98CC1002B643F /* tinyxml.h */ = {isa = PBXFileReference; fileEncoding = 4; lastKnownFileType = sourcecode.c.h; path = tinyxml.h; sourceTree = "<group>"; };
		0A7346F315D98CC1002B643F /* tinyxmlerror.cpp */ = {isa = PBXFileReference; fileEncoding = 4; lastKnownFileType = sourcecode.cpp.cpp; path = tinyxmlerror.cpp; sourceTree = "<group>"; };
		0A7346F415D98CC1002B643F /* tinyxmlparser.cpp */ = {isa = PBXFileReference; fileEncoding = 4; lastKnownFileType = sourcecode.cpp.cpp; path = tinyxmlparser.cpp; sourceTree = "<group>"; };
		0A7346F615D98CC1002B643F /* ofxXmlSettings.cpp */ = {isa = PBXFileReference; fileEncoding = 4; lastKnownFileType = sourcecode.cpp.cpp; path = ofxXmlSettings.cpp; sourceTree = "<group>"; };
		0A7346F715D98CC1002B643F /* ofxXmlSettings.h */ = {isa = PBXFileReference; fileEncoding = 4; lastKnownFileType = sourcecode.c.h; path = ofxXmlSettings.h; sourceTree = "<group>"; };
		0A93FFBF15F6CC39000F6817 /* Default.png */ = {isa = PBXFileReference; lastKnownFileType = image.png; path = Default.png; sourceTree = "<group>"; };
		0A93FFC115F6CC3E000F6817 /* Default@2x.png */ = {isa = PBXFileReference; lastKnownFileType = image.png; path = "Default@2x.png"; sourceTree = "<group>"; };
		0A95024E1657EA48006E7F9A /* iTunesArtwork */ = {isa = PBXFileReference; lastKnownFileType = file; path = iTunesArtwork; sourceTree = "<group>"; };
		0A9502E7165895A7006E7F9A /* .gitignore */ = {isa = PBXFileReference; fileEncoding = 4; lastKnownFileType = text; path = .gitignore; sourceTree = "<group>"; };
		0A9502E8165895A7006E7F9A /* README */ = {isa = PBXFileReference; fileEncoding = 4; lastKnownFileType = text; path = README; sourceTree = "<group>"; };
		0A9502EA165895A7006E7F9A /* ofxUI.h */ = {isa = PBXFileReference; fileEncoding = 4; lastKnownFileType = sourcecode.c.h; path = ofxUI.h; sourceTree = "<group>"; };
		0A9502EB165895A7006E7F9A /* ofxUI2DPad.h */ = {isa = PBXFileReference; fileEncoding = 4; lastKnownFileType = sourcecode.c.h; path = ofxUI2DPad.h; sourceTree = "<group>"; };
		0A9502EC165895A7006E7F9A /* ofxUIBaseDraws.h */ = {isa = PBXFileReference; fileEncoding = 4; lastKnownFileType = sourcecode.c.h; path = ofxUIBaseDraws.h; sourceTree = "<group>"; };
		0A9502ED165895A7006E7F9A /* ofxUIBiLabelSlider.h */ = {isa = PBXFileReference; fileEncoding = 4; lastKnownFileType = sourcecode.c.h; path = ofxUIBiLabelSlider.h; sourceTree = "<group>"; };
		0A9502EE165895A7006E7F9A /* ofxUIButton.h */ = {isa = PBXFileReference; fileEncoding = 4; lastKnownFileType = sourcecode.c.h; path = ofxUIButton.h; sourceTree = "<group>"; };
		0A9502EF165895A7006E7F9A /* ofxUICanvas.h */ = {isa = PBXFileReference; fileEncoding = 4; lastKnownFileType = sourcecode.c.h; path = ofxUICanvas.h; sourceTree = "<group>"; };
		0A9502F0165895A7006E7F9A /* ofxUICircleSlider.h */ = {isa = PBXFileReference; fileEncoding = 4; lastKnownFileType = sourcecode.c.h; path = ofxUICircleSlider.h; sourceTree = "<group>"; };
		0A9502F1165895A7006E7F9A /* ofxUICustomImageButton.h */ = {isa = PBXFileReference; fileEncoding = 4; lastKnownFileType = sourcecode.c.h; path = ofxUICustomImageButton.h; sourceTree = "<group>"; };
		0A9502F2165895A7006E7F9A /* ofxUIDropDownList.h */ = {isa = PBXFileReference; fileEncoding = 4; lastKnownFileType = sourcecode.c.h; path = ofxUIDropDownList.h; sourceTree = "<group>"; };
		0A9502F3165895A7006E7F9A /* ofxUIEventArgs.h */ = {isa = PBXFileReference; fileEncoding = 4; lastKnownFileType = sourcecode.c.h; path = ofxUIEventArgs.h; sourceTree = "<group>"; };
		0A9502F4165895A7006E7F9A /* ofxUIFPS.h */ = {isa = PBXFileReference; fileEncoding = 4; lastKnownFileType = sourcecode.c.h; path = ofxUIFPS.h; sourceTree = "<group>"; };
		0A9502F5165895A7006E7F9A /* ofxUIFPSSlider.h */ = {isa = PBXFileReference; fileEncoding = 4; lastKnownFileType = sourcecode.c.h; path = ofxUIFPSSlider.h; sourceTree = "<group>"; };
		0A9502F6165895A7006E7F9A /* ofxUIImage.h */ = {isa = PBXFileReference; fileEncoding = 4; lastKnownFileType = sourcecode.c.h; path = ofxUIImage.h; sourceTree = "<group>"; };
		0A9502F7165895A7006E7F9A /* ofxUIImageButton.h */ = {isa = PBXFileReference; fileEncoding = 4; lastKnownFileType = sourcecode.c.h; path = ofxUIImageButton.h; sourceTree = "<group>"; };
		0A9502F8165895A7006E7F9A /* ofxUIImageSampler.h */ = {isa = PBXFileReference; fileEncoding = 4; lastKnownFileType = sourcecode.c.h; path = ofxUIImageSampler.h; sourceTree = "<group>"; };
		0A9502F9165895A7006E7F9A /* ofxUIImageSlider.h */ = {isa = PBXFileReference; fileEncoding = 4; lastKnownFileType = sourcecode.c.h; path = ofxUIImageSlider.h; sourceTree = "<group>"; };
		0A9502FA165895A7006E7F9A /* ofxUIImageToggle.h */ = {isa = PBXFileReference; fileEncoding = 4; lastKnownFileType = sourcecode.c.h; path = ofxUIImageToggle.h; sourceTree = "<group>"; };
		0A9502FB165895A7006E7F9A /* ofxUILabel.h */ = {isa = PBXFileReference; fileEncoding = 4; lastKnownFileType = sourcecode.c.h; path = ofxUILabel.h; sourceTree = "<group>"; };
		0A9502FC165895A7006E7F9A /* ofxUILabelButton.h */ = {isa = PBXFileReference; fileEncoding = 4; lastKnownFileType = sourcecode.c.h; path = ofxUILabelButton.h; sourceTree = "<group>"; };
		0A9502FD165895A7006E7F9A /* ofxUILabelToggle.h */ = {isa = PBXFileReference; fileEncoding = 4; lastKnownFileType = sourcecode.c.h; path = ofxUILabelToggle.h; sourceTree = "<group>"; };
		0A9502FE165895A7006E7F9A /* ofxUIMinimalSlider.h */ = {isa = PBXFileReference; fileEncoding = 4; lastKnownFileType = sourcecode.c.h; path = ofxUIMinimalSlider.h; sourceTree = "<group>"; };
		0A9502FF165895A7006E7F9A /* ofxUIMovingGraph.h */ = {isa = PBXFileReference; fileEncoding = 4; lastKnownFileType = sourcecode.c.h; path = ofxUIMovingGraph.h; sourceTree = "<group>"; };
		0A950300165895A7006E7F9A /* ofxUIMultiImageButton.h */ = {isa = PBXFileReference; fileEncoding = 4; lastKnownFileType = sourcecode.c.h; path = ofxUIMultiImageButton.h; sourceTree = "<group>"; };
		0A950301165895A7006E7F9A /* ofxUIMultiImageSlider.h */ = {isa = PBXFileReference; fileEncoding = 4; lastKnownFileType = sourcecode.c.h; path = ofxUIMultiImageSlider.h; sourceTree = "<group>"; };
		0A950302165895A7006E7F9A /* ofxUIMultiImageToggle.h */ = {isa = PBXFileReference; fileEncoding = 4; lastKnownFileType = sourcecode.c.h; path = ofxUIMultiImageToggle.h; sourceTree = "<group>"; };
		0A950303165895A7006E7F9A /* ofxUINumberDialer.h */ = {isa = PBXFileReference; fileEncoding = 4; lastKnownFileType = sourcecode.c.h; path = ofxUINumberDialer.h; sourceTree = "<group>"; };
		0A950304165895A7006E7F9A /* ofxUIRadio.h */ = {isa = PBXFileReference; fileEncoding = 4; lastKnownFileType = sourcecode.c.h; path = ofxUIRadio.h; sourceTree = "<group>"; };
		0A950305165895A7006E7F9A /* ofxUIRangeSlider.h */ = {isa = PBXFileReference; fileEncoding = 4; lastKnownFileType = sourcecode.c.h; path = ofxUIRangeSlider.h; sourceTree = "<group>"; };
		0A950306165895A7006E7F9A /* ofxUIRectangle.h */ = {isa = PBXFileReference; fileEncoding = 4; lastKnownFileType = sourcecode.c.h; path = ofxUIRectangle.h; sourceTree = "<group>"; };
		0A950307165895A7006E7F9A /* ofxUIRotarySlider.h */ = {isa = PBXFileReference; fileEncoding = 4; lastKnownFileType = sourcecode.c.h; path = ofxUIRotarySlider.h; sourceTree = "<group>"; };
		0A950308165895A7006E7F9A /* ofxUIScrollableCanvas.h */ = {isa = PBXFileReference; fileEncoding = 4; lastKnownFileType = sourcecode.c.h; path = ofxUIScrollableCanvas.h; sourceTree = "<group>"; };
		0A950309165895A7006E7F9A /* ofxUISlider.h */ = {isa = PBXFileReference; fileEncoding = 4; lastKnownFileType = sourcecode.c.h; path = ofxUISlider.h; sourceTree = "<group>"; };
		0A95030A165895A7006E7F9A /* ofxUISpacer.h */ = {isa = PBXFileReference; fileEncoding = 4; lastKnownFileType = sourcecode.c.h; path = ofxUISpacer.h; sourceTree = "<group>"; };
		0A95030B165895A7006E7F9A /* ofxUISpectrum.h */ = {isa = PBXFileReference; fileEncoding = 4; lastKnownFileType = sourcecode.c.h; path = ofxUISpectrum.h; sourceTree = "<group>"; };
		0A95030C165895A7006E7F9A /* ofxUITextArea.h */ = {isa = PBXFileReference; fileEncoding = 4; lastKnownFileType = sourcecode.c.h; path = ofxUITextArea.h; sourceTree = "<group>"; };
		0A95030D165895A7006E7F9A /* ofxUITextInput.h */ = {isa = PBXFileReference; fileEncoding = 4; lastKnownFileType = sourcecode.c.h; path = ofxUITextInput.h; sourceTree = "<group>"; };
		0A95030E165895A7006E7F9A /* ofxUIToggle.h */ = {isa = PBXFileReference; fileEncoding = 4; lastKnownFileType = sourcecode.c.h; path = ofxUIToggle.h; sourceTree = "<group>"; };
		0A95030F165895A7006E7F9A /* ofxUIToggleMatrix.h */ = {isa = PBXFileReference; fileEncoding = 4; lastKnownFileType = sourcecode.c.h; path = ofxUIToggleMatrix.h; sourceTree = "<group>"; };
		0A950310165895A7006E7F9A /* ofxUIWaveform.h */ = {isa = PBXFileReference; fileEncoding = 4; lastKnownFileType = sourcecode.c.h; path = ofxUIWaveform.h; sourceTree = "<group>"; };
		0A950311165895A7006E7F9A /* ofxUIWidget.h */ = {isa = PBXFileReference; fileEncoding = 4; lastKnownFileType = sourcecode.c.h; path = ofxUIWidget.h; sourceTree = "<group>"; };
		0A950312165895A7006E7F9A /* ofxUIWidgetWithLabel.h */ = {isa = PBXFileReference; fileEncoding = 4; lastKnownFileType = sourcecode.c.h; path = ofxUIWidgetWithLabel.h; sourceTree = "<group>"; };
		0AB27C5515DBE5E500C3D016 /* ess_oralHist.mm */ = {isa = PBXFileReference; fileEncoding = 4; lastKnownFileType = sourcecode.cpp.objcpp; lineEnding = 0; path = ess_oralHist.mm; sourceTree = "<group>"; xcLanguageSpecificationIdentifier = xcode.lang.cpp; };
		0AB27C5715DBF58C00C3D016 /* essBaseScene.h */ = {isa = PBXFileReference; fileEncoding = 4; lastKnownFileType = sourcecode.c.h; lineEnding = 0; path = essBaseScene.h; sourceTree = "<group>"; xcLanguageSpecificationIdentifier = xcode.lang.objcpp; };
		0AB27C5815DBF5A400C3D016 /* essBaseScene.mm */ = {isa = PBXFileReference; fileEncoding = 4; lastKnownFileType = sourcecode.cpp.objcpp; lineEnding = 0; path = essBaseScene.mm; sourceTree = "<group>"; xcLanguageSpecificationIdentifier = xcode.lang.objcpp; };
		1D30AB110D05D00D00671497 /* Foundation.framework */ = {isa = PBXFileReference; lastKnownFileType = wrapper.framework; name = Foundation.framework; path = System/Library/Frameworks/Foundation.framework; sourceTree = SDKROOT; };
		1D6058910D05DD3D006BFB54 /* ESS.app */ = {isa = PBXFileReference; explicitFileType = wrapper.application; includeInIndex = 0; path = ESS.app; sourceTree = BUILT_PRODUCTS_DIR; };
		1DF5F4DF0D08C38300B7A737 /* UIKit.framework */ = {isa = PBXFileReference; lastKnownFileType = wrapper.framework; name = UIKit.framework; path = System/Library/Frameworks/UIKit.framework; sourceTree = SDKROOT; };
		288765FC0DF74451002DB57D /* CoreGraphics.framework */ = {isa = PBXFileReference; lastKnownFileType = wrapper.framework; name = CoreGraphics.framework; path = System/Library/Frameworks/CoreGraphics.framework; sourceTree = SDKROOT; };
		32CA4F630368D1EE00C91783 /* iPhone_Prefix.pch */ = {isa = PBXFileReference; fileEncoding = 4; lastKnownFileType = sourcecode.c.h; path = iPhone_Prefix.pch; sourceTree = "<group>"; };
		5326AEA710A23A0500278DE6 /* CoreLocation.framework */ = {isa = PBXFileReference; lastKnownFileType = wrapper.framework; name = CoreLocation.framework; path = System/Library/Frameworks/CoreLocation.framework; sourceTree = SDKROOT; };
		53F323EA10A20EDB00E0DAE4 /* OpenAL.framework */ = {isa = PBXFileReference; lastKnownFileType = wrapper.framework; name = OpenAL.framework; path = System/Library/Frameworks/OpenAL.framework; sourceTree = SDKROOT; };
		BB16EBD10F2B2A9500518274 /* OpenGLES.framework */ = {isa = PBXFileReference; lastKnownFileType = wrapper.framework; name = OpenGLES.framework; path = System/Library/Frameworks/OpenGLES.framework; sourceTree = SDKROOT; };
		BB16EBD80F2B2AB500518274 /* QuartzCore.framework */ = {isa = PBXFileReference; lastKnownFileType = wrapper.framework; name = QuartzCore.framework; path = System/Library/Frameworks/QuartzCore.framework; sourceTree = SDKROOT; };
		BB24DD8D10DA77E000E9C588 /* Icon.png */ = {isa = PBXFileReference; lastKnownFileType = image.png; path = Icon.png; sourceTree = "<group>"; };
		BB24DDC910DA781C00E9C588 /* ofxiphone-Info.plist */ = {isa = PBXFileReference; fileEncoding = 4; lastKnownFileType = text.plist.xml; path = "ofxiphone-Info.plist"; sourceTree = "<group>"; };
		BBE5EAB70F49AD8400F28951 /* AudioToolbox.framework */ = {isa = PBXFileReference; lastKnownFileType = wrapper.framework; name = AudioToolbox.framework; path = System/Library/Frameworks/AudioToolbox.framework; sourceTree = SDKROOT; };
		D422D969162CAA41006BBCBA /* ofSwipeGestureRecognizer.h */ = {isa = PBXFileReference; fileEncoding = 4; lastKnownFileType = sourcecode.c.h; path = ofSwipeGestureRecognizer.h; sourceTree = "<group>"; };
		D422D96A162CAA41006BBCBA /* ofSwipeGestureRecognizer.m */ = {isa = PBXFileReference; fileEncoding = 4; lastKnownFileType = sourcecode.c.objc; path = ofSwipeGestureRecognizer.m; sourceTree = "<group>"; };
		E41D3ED613B38FB500A75A5D /* Project.xcconfig */ = {isa = PBXFileReference; fileEncoding = 4; lastKnownFileType = text.xcconfig; path = Project.xcconfig; sourceTree = "<group>"; };
		E41D3EE513B3906D00A75A5D /* CoreOF.xcconfig */ = {isa = PBXFileReference; fileEncoding = 4; lastKnownFileType = text.xcconfig; name = CoreOF.xcconfig; path = ../../../libs/openFrameworksCompiled/project/ios/CoreOF.xcconfig; sourceTree = SOURCE_ROOT; };
		E41D400613B39D2100A75A5D /* AVFoundation.framework */ = {isa = PBXFileReference; lastKnownFileType = wrapper.framework; name = AVFoundation.framework; path = System/Library/Frameworks/AVFoundation.framework; sourceTree = SDKROOT; };
		E41D400713B39D2100A75A5D /* CoreMedia.framework */ = {isa = PBXFileReference; lastKnownFileType = wrapper.framework; name = CoreMedia.framework; path = System/Library/Frameworks/CoreMedia.framework; sourceTree = SDKROOT; };
		E41D400813B39D2100A75A5D /* CoreVideo.framework */ = {isa = PBXFileReference; lastKnownFileType = wrapper.framework; name = CoreVideo.framework; path = System/Library/Frameworks/CoreVideo.framework; sourceTree = SDKROOT; };
		E41D400913B39D2100A75A5D /* MapKit.framework */ = {isa = PBXFileReference; lastKnownFileType = wrapper.framework; name = MapKit.framework; path = System/Library/Frameworks/MapKit.framework; sourceTree = SDKROOT; };
		E41D40FD13B3A0D800A75A5D /* iOS+OFLib.xcodeproj */ = {isa = PBXFileReference; lastKnownFileType = "wrapper.pb-project"; name = "iOS+OFLib.xcodeproj"; path = "../../../libs/openFrameworksCompiled/project/ios/iOS+OFLib.xcodeproj"; sourceTree = SOURCE_ROOT; };
		E4A823A312561BE3002F86A2 /* CoreGraphics.framework */ = {isa = PBXFileReference; lastKnownFileType = wrapper.framework; name = CoreGraphics.framework; path = System/Library/Frameworks/CoreGraphics.framework; sourceTree = SDKROOT; };
		E4D8936B11527B74007E1F53 /* main.mm */ = {isa = PBXFileReference; fileEncoding = 4; lastKnownFileType = sourcecode.cpp.objcpp; name = main.mm; path = src/main.mm; sourceTree = SOURCE_ROOT; };
		E4D8936C11527B74007E1F53 /* testApp.h */ = {isa = PBXFileReference; fileEncoding = 4; lastKnownFileType = sourcecode.c.h; lineEnding = 0; name = testApp.h; path = src/testApp.h; sourceTree = SOURCE_ROOT; xcLanguageSpecificationIdentifier = xcode.lang.objcpp; };
		E4D8936D11527B74007E1F53 /* testApp.mm */ = {isa = PBXFileReference; fileEncoding = 4; lastKnownFileType = sourcecode.cpp.objcpp; lineEnding = 0; name = testApp.mm; path = src/testApp.mm; sourceTree = SOURCE_ROOT; xcLanguageSpecificationIdentifier = xcode.lang.objcpp; };
/* End PBXFileReference section */

/* Begin PBXFrameworksBuildPhase section */
		1D60588F0D05DD3D006BFB54 /* Frameworks */ = {
			isa = PBXFrameworksBuildPhase;
			buildActionMask = 2147483647;
			files = (
				E41D421413B3A95300A75A5D /* libofxiPhone_iphoneos_Debug.a in Frameworks */,
				1D60589F0D05DD5A006BFB54 /* Foundation.framework in Frameworks */,
				1DF5F4E00D08C38300B7A737 /* UIKit.framework in Frameworks */,
				288765FD0DF74451002DB57D /* CoreGraphics.framework in Frameworks */,
				BB16EBD20F2B2A9500518274 /* OpenGLES.framework in Frameworks */,
				BB16EBD90F2B2AB500518274 /* QuartzCore.framework in Frameworks */,
				BBE5EAB80F49AD8400F28951 /* AudioToolbox.framework in Frameworks */,
				53F323EB10A20EDB00E0DAE4 /* OpenAL.framework in Frameworks */,
				5326AEA810A23A0500278DE6 /* CoreLocation.framework in Frameworks */,
				E4A823A412561BE3002F86A2 /* CoreGraphics.framework in Frameworks */,
				E41D400B13B39D2100A75A5D /* AVFoundation.framework in Frameworks */,
				E41D400C13B39D2100A75A5D /* CoreMedia.framework in Frameworks */,
				E41D400D13B39D2100A75A5D /* CoreVideo.framework in Frameworks */,
				E41D400E13B39D2100A75A5D /* MapKit.framework in Frameworks */,
			);
			runOnlyForDeploymentPostprocessing = 0;
		};
/* End PBXFrameworksBuildPhase section */

/* Begin PBXGroup section */
		0A255C5A1607CC7E00817BA4 /* ofxPanZoom */ = {
			isa = PBXGroup;
			children = (
				0A255C5B1607CC7E00817BA4 /* ReadMe.md */,
				0A255C5C1607CC7E00817BA4 /* src */,
			);
			path = ofxPanZoom;
			sourceTree = "<group>";
		};
		0A255C5C1607CC7E00817BA4 /* src */ = {
			isa = PBXGroup;
			children = (
				0A255C5D1607CC7E00817BA4 /* ofxPanZoom.h */,
				0A255C5E1607CC7E00817BA4 /* ofxPanZoom.mm */,
			);
			path = src;
			sourceTree = "<group>";
		};
		0A39654A1626281300A2FF6A /* ofxTweenzor */ = {
			isa = PBXGroup;
			children = (
				0A39654B1626281300A2FF6A /* src */,
			);
			path = ofxTweenzor;
			sourceTree = "<group>";
		};
		0A39654B1626281300A2FF6A /* src */ = {
			isa = PBXGroup;
			children = (
				0A39654C1626281300A2FF6A /* ofxTweenzor.h */,
				0A39654D1626281300A2FF6A /* Tween.cpp */,
				0A39654E1626281300A2FF6A /* Tween.h */,
				0A39654F1626281300A2FF6A /* TweenEvent.h */,
				0A3965501626281300A2FF6A /* TweenFunctions.h */,
				0A3965511626281300A2FF6A /* TweenSelector.h */,
				0A3965521626281300A2FF6A /* Tweenzor.cpp */,
				0A3965531626281300A2FF6A /* Tweenzor.h */,
			);
			path = src;
			sourceTree = "<group>";
		};
		0A5F5F7915C6E9C400A37130 /* ofxVtron */ = {
			isa = PBXGroup;
			children = (
				0A5F5F7A15C6E9C400A37130 /* ofxBaseButton */,
				0A5F5F7D15C6E9C400A37130 /* ofxFreeType2 */,
				0A5F5F8215C6E9C400A37130 /* ofxSceneManager */,
				0A5F5F8A15C6E9C400A37130 /* ofxVtronImageTexture */,
				0A5F5F8E15C6E9C400A37130 /* ofxVtronUtils */,
			);
			path = ofxVtron;
			sourceTree = "<group>";
		};
		0A5F5F7A15C6E9C400A37130 /* ofxBaseButton */ = {
			isa = PBXGroup;
			children = (
				0A5F5F7B15C6E9C400A37130 /* baseButton.cpp */,
				0A5F5F7C15C6E9C400A37130 /* baseButton.h */,
			);
			path = ofxBaseButton;
			sourceTree = "<group>";
		};
		0A5F5F7D15C6E9C400A37130 /* ofxFreeType2 */ = {
			isa = PBXGroup;
			children = (
				0A5F5F7E15C6E9C400A37130 /* README */,
				0A5F5F7F15C6E9C400A37130 /* src */,
			);
			path = ofxFreeType2;
			sourceTree = "<group>";
		};
		0A5F5F7F15C6E9C400A37130 /* src */ = {
			isa = PBXGroup;
			children = (
				0A5F5F8015C6E9C400A37130 /* ofxFreeType2.cpp */,
				0A5F5F8115C6E9C400A37130 /* ofxFreeType2.h */,
			);
			path = src;
			sourceTree = "<group>";
		};
		0A5F5F8215C6E9C400A37130 /* ofxSceneManager */ = {
			isa = PBXGroup;
			children = (
				0A5F5F8315C6E9C400A37130 /* src */,
			);
			path = ofxSceneManager;
			sourceTree = "<group>";
		};
		0A5F5F8315C6E9C400A37130 /* src */ = {
			isa = PBXGroup;
			children = (
				0A5F5F8415C6E9C400A37130 /* ofxSceneManager.cpp */,
				0A5F5F8515C6E9C400A37130 /* ofxSceneManager.h */,
				0A5F5F8615C6E9C400A37130 /* ofxSceneManager2.cpp */,
				0A5F5F8715C6E9C400A37130 /* ofxSceneManager2.h */,
				0A5F5F8815C6E9C400A37130 /* ofxSceneManagerScene.cpp */,
				0A5F5F8915C6E9C400A37130 /* ofxSceneManagerScene.h */,
			);
			path = src;
			sourceTree = "<group>";
		};
		0A5F5F8A15C6E9C400A37130 /* ofxVtronImageTexture */ = {
			isa = PBXGroup;
			children = (
				0A5F5F8B15C6E9C400A37130 /* src */,
			);
			path = ofxVtronImageTexture;
			sourceTree = "<group>";
		};
		0A5F5F8B15C6E9C400A37130 /* src */ = {
			isa = PBXGroup;
			children = (
				0A5F5F8C15C6E9C400A37130 /* ofxVtronImageTexture.cpp */,
				0A5F5F8D15C6E9C400A37130 /* ofxVtronImageTexture.h */,
			);
			path = src;
			sourceTree = "<group>";
		};
		0A5F5F8E15C6E9C400A37130 /* ofxVtronUtils */ = {
			isa = PBXGroup;
			children = (
				0A5F5F8F15C6E9C400A37130 /* src */,
			);
			path = ofxVtronUtils;
			sourceTree = "<group>";
		};
		0A5F5F8F15C6E9C400A37130 /* src */ = {
			isa = PBXGroup;
			children = (
				0A5F5F9015C6E9C400A37130 /* ofxVtronUtils.h */,
			);
			path = src;
			sourceTree = "<group>";
		};
		0A5F5FF215C738B300A37130 /* scenes */ = {
			isa = PBXGroup;
			children = (
				0A5F5F6215C6E98E00A37130 /* homeScene.mm */,
				0A5F5F6315C6E98E00A37130 /* homeScene.h */,
				0A5F5F6415C6E98E00A37130 /* aboutScene.mm */,
				0A5F5F6515C6E98E00A37130 /* aboutScene.h */,
				0A5F5F6115C6E98E00A37130 /* map1Scene.h */,
				0A5F5F6015C6E98E00A37130 /* map1Scene.mm */,
				0A5F5FE615C7106300A37130 /* map2Scene.mm */,
				0A5F5FE715C7106300A37130 /* map2Scene.h */,
				0A5F5FE915C7109500A37130 /* map3Scene.mm */,
				0A5F5FEA15C7109500A37130 /* map3Scene.h */,
				0A5F5FF415C7422500A37130 /* map4Scene.mm */,
				0A5F5FF515C7422500A37130 /* map4Scene.h */,
			);
			name = scenes;
			path = ..;
			sourceTree = "<group>";
		};
		0A5F5FF315C738D900A37130 /* shared */ = {
			isa = PBXGroup;
			children = (
				0A5F5F6615C6E98E00A37130 /* essAssetManager.mm */,
				0A5F5F6715C6E98E00A37130 /* essAssetManager.h */,
				0AB27C5715DBF58C00C3D016 /* essBaseScene.h */,
				0AB27C5815DBF5A400C3D016 /* essBaseScene.mm */,
				0A5F5F6A15C6E98E00A37130 /* swMenu.mm */,
				0A5F5F6B15C6E98E00A37130 /* swMenu.h */,
				0A5F5F6C15C6E98E00A37130 /* essSceneManager.mm */,
				0A5F5F6D15C6E98E00A37130 /* essSceneManager.h */,
				0A7346E815D97C4C002B643F /* ess_oralHist.h */,
				0AB27C5515DBE5E500C3D016 /* ess_oralHist.mm */,
			);
			name = shared;
			sourceTree = "<group>";
		};
		0A7346EF15D98CC1002B643F /* ofxXmlSettings */ = {
			isa = PBXGroup;
			children = (
				0A7346F015D98CC1002B643F /* libs */,
				0A7346F515D98CC1002B643F /* src */,
			);
			name = ofxXmlSettings;
			path = ../../../addons/ofxXmlSettings;
			sourceTree = "<group>";
		};
		0A7346F015D98CC1002B643F /* libs */ = {
			isa = PBXGroup;
			children = (
				0A7346F115D98CC1002B643F /* tinyxml.cpp */,
				0A7346F215D98CC1002B643F /* tinyxml.h */,
				0A7346F315D98CC1002B643F /* tinyxmlerror.cpp */,
				0A7346F415D98CC1002B643F /* tinyxmlparser.cpp */,
			);
			path = libs;
			sourceTree = "<group>";
		};
		0A7346F515D98CC1002B643F /* src */ = {
			isa = PBXGroup;
			children = (
				0A7346F615D98CC1002B643F /* ofxXmlSettings.cpp */,
				0A7346F715D98CC1002B643F /* ofxXmlSettings.h */,
			);
			path = src;
			sourceTree = "<group>";
		};
		0A9502E6165895A7006E7F9A /* ofxUI */ = {
			isa = PBXGroup;
			children = (
				0A9502E7165895A7006E7F9A /* .gitignore */,
				0A9502E8165895A7006E7F9A /* README */,
				0A9502E9165895A7006E7F9A /* src */,
			);
			path = ofxUI;
			sourceTree = "<group>";
		};
		0A9502E9165895A7006E7F9A /* src */ = {
			isa = PBXGroup;
			children = (
				0A9502EA165895A7006E7F9A /* ofxUI.h */,
				0A9502EB165895A7006E7F9A /* ofxUI2DPad.h */,
				0A9502EC165895A7006E7F9A /* ofxUIBaseDraws.h */,
				0A9502ED165895A7006E7F9A /* ofxUIBiLabelSlider.h */,
				0A9502EE165895A7006E7F9A /* ofxUIButton.h */,
				0A9502EF165895A7006E7F9A /* ofxUICanvas.h */,
				0A9502F0165895A7006E7F9A /* ofxUICircleSlider.h */,
				0A9502F1165895A7006E7F9A /* ofxUICustomImageButton.h */,
				0A9502F2165895A7006E7F9A /* ofxUIDropDownList.h */,
				0A9502F3165895A7006E7F9A /* ofxUIEventArgs.h */,
				0A9502F4165895A7006E7F9A /* ofxUIFPS.h */,
				0A9502F5165895A7006E7F9A /* ofxUIFPSSlider.h */,
				0A9502F6165895A7006E7F9A /* ofxUIImage.h */,
				0A9502F7165895A7006E7F9A /* ofxUIImageButton.h */,
				0A9502F8165895A7006E7F9A /* ofxUIImageSampler.h */,
				0A9502F9165895A7006E7F9A /* ofxUIImageSlider.h */,
				0A9502FA165895A7006E7F9A /* ofxUIImageToggle.h */,
				0A9502FB165895A7006E7F9A /* ofxUILabel.h */,
				0A9502FC165895A7006E7F9A /* ofxUILabelButton.h */,
				0A9502FD165895A7006E7F9A /* ofxUILabelToggle.h */,
				0A9502FE165895A7006E7F9A /* ofxUIMinimalSlider.h */,
				0A9502FF165895A7006E7F9A /* ofxUIMovingGraph.h */,
				0A950300165895A7006E7F9A /* ofxUIMultiImageButton.h */,
				0A950301165895A7006E7F9A /* ofxUIMultiImageSlider.h */,
				0A950302165895A7006E7F9A /* ofxUIMultiImageToggle.h */,
				0A950303165895A7006E7F9A /* ofxUINumberDialer.h */,
				0A950304165895A7006E7F9A /* ofxUIRadio.h */,
				0A950305165895A7006E7F9A /* ofxUIRangeSlider.h */,
				0A950306165895A7006E7F9A /* ofxUIRectangle.h */,
				0A950307165895A7006E7F9A /* ofxUIRotarySlider.h */,
				0A950308165895A7006E7F9A /* ofxUIScrollableCanvas.h */,
				0A950309165895A7006E7F9A /* ofxUISlider.h */,
				0A95030A165895A7006E7F9A /* ofxUISpacer.h */,
				0A95030B165895A7006E7F9A /* ofxUISpectrum.h */,
				0A95030C165895A7006E7F9A /* ofxUITextArea.h */,
				0A95030D165895A7006E7F9A /* ofxUITextInput.h */,
				0A95030E165895A7006E7F9A /* ofxUIToggle.h */,
				0A95030F165895A7006E7F9A /* ofxUIToggleMatrix.h */,
				0A950310165895A7006E7F9A /* ofxUIWaveform.h */,
				0A950311165895A7006E7F9A /* ofxUIWidget.h */,
				0A950312165895A7006E7F9A /* ofxUIWidgetWithLabel.h */,
			);
			path = src;
			sourceTree = "<group>";
		};
		19C28FACFE9D520D11CA2CBB /* Products */ = {
			isa = PBXGroup;
			children = (
				1D6058910D05DD3D006BFB54 /* ESS.app */,
			);
			name = Products;
			sourceTree = "<group>";
		};
		29B97314FDCFA39411CA2CEA /* CustomTemplate */ = {
			isa = PBXGroup;
			children = (
				0A530F971641CAB500EA64C4 /* ESSicon2.png */,
				0A530F951641CA5A00EA64C4 /* ESSicon.png */,
				0A93FFC115F6CC3E000F6817 /* Default@2x.png */,
				0A95024E1657EA48006E7F9A /* iTunesArtwork */,
				0A93FFBF15F6CC39000F6817 /* Default.png */,
				E4D8936A11527B74007E1F53 /* src */,
				BB24DD8B10DA77E000E9C588 /* data */,
				BB24E1F710DAA51900E9C588 /* openFrameworks */,
				BB16F26B0F2B646B00518274 /* addons */,
				BB16E9930F2B1E5900518274 /* libs */,
				19C28FACFE9D520D11CA2CBB /* Products */,
			);
			name = CustomTemplate;
			sourceTree = "<group>";
		};
		29B97323FDCFA39411CA2CEA /* core frameworks */ = {
			isa = PBXGroup;
			children = (
				E41D400613B39D2100A75A5D /* AVFoundation.framework */,
				E41D400713B39D2100A75A5D /* CoreMedia.framework */,
				E41D400813B39D2100A75A5D /* CoreVideo.framework */,
				E41D400913B39D2100A75A5D /* MapKit.framework */,
				53F323EA10A20EDB00E0DAE4 /* OpenAL.framework */,
				E4A823A312561BE3002F86A2 /* CoreGraphics.framework */,
				BBE5EAB70F49AD8400F28951 /* AudioToolbox.framework */,
				BB16EBD80F2B2AB500518274 /* QuartzCore.framework */,
				BB16EBD10F2B2A9500518274 /* OpenGLES.framework */,
				1DF5F4DF0D08C38300B7A737 /* UIKit.framework */,
				1D30AB110D05D00D00671497 /* Foundation.framework */,
				288765FC0DF74451002DB57D /* CoreGraphics.framework */,
				5326AEA710A23A0500278DE6 /* CoreLocation.framework */,
			);
			name = "core frameworks";
			sourceTree = "<group>";
		};
		BB16E9930F2B1E5900518274 /* libs */ = {
			isa = PBXGroup;
			children = (
				BBE5E94E0F497BD800F28951 /* core */,
			);
			name = libs;
			sourceTree = "<group>";
		};
		BB16F26B0F2B646B00518274 /* addons */ = {
			isa = PBXGroup;
			children = (
				0A9502E6165895A7006E7F9A /* ofxUI */,
				D422D968162CAA41006BBCBA /* ofxSwipe */,
				0A39654A1626281300A2FF6A /* ofxTweenzor */,
				0A255C5A1607CC7E00817BA4 /* ofxPanZoom */,
				0A7346EF15D98CC1002B643F /* ofxXmlSettings */,
			);
			name = addons;
			sourceTree = "<group>";
		};
		BB24DD8B10DA77E000E9C588 /* data */ = {
			isa = PBXGroup;
			children = (
				0A5F5F7915C6E9C400A37130 /* ofxVtron */,
				BB24DD8D10DA77E000E9C588 /* Icon.png */,
			);
			name = data;
			path = bin/data;
			sourceTree = "<group>";
		};
		BB24E1F710DAA51900E9C588 /* openFrameworks */ = {
			isa = PBXGroup;
			children = (
				E41D40FD13B3A0D800A75A5D /* iOS+OFLib.xcodeproj */,
				32CA4F630368D1EE00C91783 /* iPhone_Prefix.pch */,
				BB24DDC910DA781C00E9C588 /* ofxiphone-Info.plist */,
				E41D3EE513B3906D00A75A5D /* CoreOF.xcconfig */,
				E41D3ED613B38FB500A75A5D /* Project.xcconfig */,
			);
			name = openFrameworks;
			sourceTree = "<group>";
		};
		BBE5E94E0F497BD800F28951 /* core */ = {
			isa = PBXGroup;
			children = (
				29B97323FDCFA39411CA2CEA /* core frameworks */,
			);
			name = core;
			sourceTree = "<group>";
		};
		D422D968162CAA41006BBCBA /* ofxSwipe */ = {
			isa = PBXGroup;
			children = (
				D422D969162CAA41006BBCBA /* ofSwipeGestureRecognizer.h */,
				D422D96A162CAA41006BBCBA /* ofSwipeGestureRecognizer.m */,
			);
			path = ofxSwipe;
			sourceTree = "<group>";
		};
		E41D40FE13B3A0D800A75A5D /* Products */ = {
			isa = PBXGroup;
			children = (
				E41D410213B3A0D800A75A5D /* libofxiPhone_iphoneos_Debug.a */,
			);
			name = Products;
			sourceTree = "<group>";
		};
		E4D8936A11527B74007E1F53 /* src */ = {
			isa = PBXGroup;
			children = (
				0A5F5FF315C738D900A37130 /* shared */,
				0A5F5FF215C738B300A37130 /* scenes */,
				E4D8936B11527B74007E1F53 /* main.mm */,
				E4D8936D11527B74007E1F53 /* testApp.mm */,
				E4D8936C11527B74007E1F53 /* testApp.h */,
			);
			path = src;
			sourceTree = SOURCE_ROOT;
		};
/* End PBXGroup section */

/* Begin PBXNativeTarget section */
		1D6058900D05DD3D006BFB54 /* ESS */ = {
			isa = PBXNativeTarget;
			buildConfigurationList = 1D6058960D05DD3E006BFB54 /* Build configuration list for PBXNativeTarget "ESS" */;
			buildPhases = (
				1D60588D0D05DD3D006BFB54 /* Resources */,
				1D60588E0D05DD3D006BFB54 /* Sources */,
				1D60588F0D05DD3D006BFB54 /* Frameworks */,
				9255DD331112741900D6945E /* ShellScript */,
			);
			buildRules = (
			);
			dependencies = (
				E41D410413B3A11300A75A5D /* PBXTargetDependency */,
			);
			name = ESS;
			productName = iPhone;
			productReference = 1D6058910D05DD3D006BFB54 /* ESS.app */;
			productType = "com.apple.product-type.application";
		};
/* End PBXNativeTarget section */

/* Begin PBXProject section */
		29B97313FDCFA39411CA2CEA /* Project object */ = {
			isa = PBXProject;
			buildConfigurationList = C01FCF4E08A954540054247B /* Build configuration list for PBXProject "ESS" */;
			compatibilityVersion = "Xcode 3.1";
			developmentRegion = English;
			hasScannedForEncodings = 1;
			knownRegions = (
				English,
				Japanese,
				French,
				German,
			);
			mainGroup = 29B97314FDCFA39411CA2CEA /* CustomTemplate */;
			projectDirPath = "";
			projectReferences = (
				{
					ProductGroup = E41D40FE13B3A0D800A75A5D /* Products */;
					ProjectRef = E41D40FD13B3A0D800A75A5D /* iOS+OFLib.xcodeproj */;
				},
			);
			projectRoot = "";
			targets = (
				1D6058900D05DD3D006BFB54 /* ESS */,
			);
		};
/* End PBXProject section */

/* Begin PBXReferenceProxy section */
		E41D410213B3A0D800A75A5D /* libofxiPhone_iphoneos_Debug.a */ = {
			isa = PBXReferenceProxy;
			fileType = archive.ar;
			path = libofxiPhone_iphoneos_Debug.a;
			remoteRef = E41D410113B3A0D800A75A5D /* PBXContainerItemProxy */;
			sourceTree = BUILT_PRODUCTS_DIR;
		};
/* End PBXReferenceProxy section */

/* Begin PBXResourcesBuildPhase section */
		1D60588D0D05DD3D006BFB54 /* Resources */ = {
			isa = PBXResourcesBuildPhase;
			buildActionMask = 2147483647;
			files = (
				BB24DD9010DA77E000E9C588 /* Icon.png in Resources */,
				BB24DDCA10DA781C00E9C588 /* ofxiphone-Info.plist in Resources */,
				E41D3ED713B38FB500A75A5D /* Project.xcconfig in Resources */,
				E41D3EE613B3906D00A75A5D /* CoreOF.xcconfig in Resources */,
				0A5F5F9215C6E9C400A37130 /* README in Resources */,
				0A93FFC015F6CC39000F6817 /* Default.png in Resources */,
				0A93FFC215F6CC3E000F6817 /* Default@2x.png in Resources */,
				0A255C5F1607CC7E00817BA4 /* ReadMe.md in Resources */,
				0A530F961641CA5A00EA64C4 /* ESSicon.png in Resources */,
				0A530F981641CAB500EA64C4 /* ESSicon2.png in Resources */,
				0A95024F1657EA48006E7F9A /* iTunesArtwork in Resources */,
				0A950313165895A7006E7F9A /* .gitignore in Resources */,
				0A950314165895A7006E7F9A /* README in Resources */,
			);
			runOnlyForDeploymentPostprocessing = 0;
		};
/* End PBXResourcesBuildPhase section */

/* Begin PBXShellScriptBuildPhase section */
		9255DD331112741900D6945E /* ShellScript */ = {
			isa = PBXShellScriptBuildPhase;
			buildActionMask = 2147483647;
			files = (
			);
			inputPaths = (
			);
			outputPaths = (
			);
			runOnlyForDeploymentPostprocessing = 0;
			shellPath = /bin/sh;
			shellScript = "cp -rf bin/data/ \"$TARGET_BUILD_DIR/$PRODUCT_NAME.app\"\n";
		};
/* End PBXShellScriptBuildPhase section */

/* Begin PBXSourcesBuildPhase section */
		1D60588E0D05DD3D006BFB54 /* Sources */ = {
			isa = PBXSourcesBuildPhase;
			buildActionMask = 2147483647;
			files = (
				E4D8936E11527B74007E1F53 /* main.mm in Sources */,
				E4D8936F11527B74007E1F53 /* testApp.mm in Sources */,
				0A5F5F6E15C6E98F00A37130 /* map1Scene.mm in Sources */,
				0A5F5F6F15C6E98F00A37130 /* homeScene.mm in Sources */,
				0A5F5F7015C6E98F00A37130 /* aboutScene.mm in Sources */,
				0A5F5F7115C6E98F00A37130 /* essAssetManager.mm in Sources */,
				0A5F5F7315C6E98F00A37130 /* swMenu.mm in Sources */,
				0A5F5F7415C6E98F00A37130 /* essSceneManager.mm in Sources */,
				0A5F5F9115C6E9C400A37130 /* baseButton.cpp in Sources */,
				0A5F5F9315C6E9C400A37130 /* ofxFreeType2.cpp in Sources */,
				0A5F5F9415C6E9C400A37130 /* ofxSceneManager.cpp in Sources */,
				0A5F5F9515C6E9C400A37130 /* ofxSceneManager2.cpp in Sources */,
				0A5F5F9615C6E9C400A37130 /* ofxSceneManagerScene.cpp in Sources */,
				0A5F5F9715C6E9C400A37130 /* ofxVtronImageTexture.cpp in Sources */,
				0A5F5FE815C7106300A37130 /* map2Scene.mm in Sources */,
				0A5F5FEB15C7109600A37130 /* map3Scene.mm in Sources */,
				0A5F5FF615C7422500A37130 /* map4Scene.mm in Sources */,
				0A7346F815D98CC1002B643F /* tinyxml.cpp in Sources */,
				0A7346F915D98CC1002B643F /* tinyxmlerror.cpp in Sources */,
				0A7346FA15D98CC1002B643F /* tinyxmlparser.cpp in Sources */,
				0A7346FB15D98CC1002B643F /* ofxXmlSettings.cpp in Sources */,
				0AB27C5615DBE5E500C3D016 /* ess_oralHist.mm in Sources */,
				0AB27C5915DBF5A400C3D016 /* essBaseScene.mm in Sources */,
				0A255C601607CC7E00817BA4 /* ofxPanZoom.mm in Sources */,
				0A3965541626281300A2FF6A /* Tween.cpp in Sources */,
				0A3965551626281300A2FF6A /* Tweenzor.cpp in Sources */,
				D422D96B162CAA41006BBCBA /* ofSwipeGestureRecognizer.m in Sources */,
			);
			runOnlyForDeploymentPostprocessing = 0;
		};
/* End PBXSourcesBuildPhase section */

/* Begin PBXTargetDependency section */
		E41D410413B3A11300A75A5D /* PBXTargetDependency */ = {
			isa = PBXTargetDependency;
			name = "iPhone+OF Static Library";
			targetProxy = E41D410313B3A11300A75A5D /* PBXContainerItemProxy */;
		};
/* End PBXTargetDependency section */

/* Begin XCBuildConfiguration section */
		1D6058940D05DD3E006BFB54 /* Debug */ = {
			isa = XCBuildConfiguration;
			buildSettings = {
				ALWAYS_SEARCH_USER_PATHS = NO;
				CODE_SIGN_IDENTITY = "iPhone Distribution: Anna  Martinez";
				"CODE_SIGN_IDENTITY[sdk=iphoneos*]" = "iPhone Distribution: Anna  Martinez";
				GCC_PRECOMPILE_PREFIX_HEADER = YES;
				GCC_PREFIX_HEADER = iPhone_Prefix.pch;
				INFOPLIST_FILE = "ofxiphone-Info.plist";
				IPHONEOS_DEPLOYMENT_TARGET = 5.0;
				PRODUCT_NAME = ESS;
				PROVISIONING_PROFILE = "CB44CC31-805F-4C6B-8F8C-83E980323B97";
				"PROVISIONING_PROFILE[sdk=iphoneos*]" = "CB44CC31-805F-4C6B-8F8C-83E980323B97";
			};
			name = Debug;
		};
		1D6058950D05DD3E006BFB54 /* Release */ = {
			isa = XCBuildConfiguration;
			buildSettings = {
				CODE_SIGN_IDENTITY = "iPhone Distribution: Anna  Martinez";
				"CODE_SIGN_IDENTITY[sdk=iphoneos*]" = "iPhone Distribution: Anna  Martinez";
				GCC_PRECOMPILE_PREFIX_HEADER = YES;
				GCC_PREFIX_HEADER = iPhone_Prefix.pch;
				INFOPLIST_FILE = "ofxiphone-Info.plist";
				IPHONEOS_DEPLOYMENT_TARGET = 5.0;
				PRODUCT_NAME = ESS;
				PROVISIONING_PROFILE = "CB44CC31-805F-4C6B-8F8C-83E980323B97";
				"PROVISIONING_PROFILE[sdk=iphoneos*]" = "CB44CC31-805F-4C6B-8F8C-83E980323B97";
			};
			name = Release;
		};
		C01FCF4F08A954540054247B /* Debug */ = {
			isa = XCBuildConfiguration;
			baseConfigurationReference = E41D3ED613B38FB500A75A5D /* Project.xcconfig */;
			buildSettings = {
				ALWAYS_SEARCH_USER_PATHS = YES;
				ARCHS = "$(ARCHS_STANDARD_32_BIT)";
				CODE_SIGN_IDENTITY = "iPhone Distribution: Anna  Martinez";
				"CODE_SIGN_IDENTITY[sdk=iphoneos*]" = "iPhone Distribution: Anna  Martinez";
				COMPRESS_PNG_FILES = NO;
				GCC_C_LANGUAGE_STANDARD = c99;
				GCC_OPTIMIZATION_LEVEL = 0;
				GCC_SYMBOLS_PRIVATE_EXTERN = NO;
				GCC_WARN_ABOUT_DEPRECATED_FUNCTIONS = NO;
				GCC_WARN_ABOUT_INVALID_OFFSETOF_MACRO = NO;
				GCC_WARN_ABOUT_POINTER_SIGNEDNESS = NO;
				GCC_WARN_ABOUT_RETURN_TYPE = YES;
				GCC_WARN_ALLOW_INCOMPLETE_PROTOCOL = NO;
				GCC_WARN_PROTOTYPE_CONVERSION = NO;
				GCC_WARN_UNUSED_VARIABLE = YES;
				HEADER_SEARCH_PATHS = (
					"$(OF_CORE_HEADERS)",
					src,
				);
				IPHONEOS_DEPLOYMENT_TARGET = 5.1;
				ONLY_ACTIVE_ARCH = NO;
				PREBINDING = NO;
				PROVISIONING_PROFILE = "CB44CC31-805F-4C6B-8F8C-83E980323B97";
				"PROVISIONING_PROFILE[sdk=iphoneos*]" = "CB44CC31-805F-4C6B-8F8C-83E980323B97";
				SDKROOT = iphoneos;
				TARGETED_DEVICE_FAMILY = 1;
				WARNING_LDFLAGS = "-no_arch_warnings";
			};
			name = Debug;
		};
		C01FCF5008A954540054247B /* Release */ = {
			isa = XCBuildConfiguration;
			baseConfigurationReference = E41D3ED613B38FB500A75A5D /* Project.xcconfig */;
			buildSettings = {
				ALWAYS_SEARCH_USER_PATHS = YES;
				ARCHS = "$(ARCHS_STANDARD_32_BIT)";
				CODE_SIGN_IDENTITY = "iPhone Distribution: Anna  Martinez";
				"CODE_SIGN_IDENTITY[sdk=iphoneos*]" = "iPhone Distribution: Anna  Martinez";
				COMPRESS_PNG_FILES = NO;
				GCC_C_LANGUAGE_STANDARD = c99;
				GCC_DYNAMIC_NO_PIC = YES;
				GCC_GENERATE_DEBUGGING_SYMBOLS = NO;
				GCC_OPTIMIZATION_LEVEL = 3;
				GCC_SYMBOLS_PRIVATE_EXTERN = NO;
				GCC_THUMB_SUPPORT = NO;
				GCC_WARN_ABOUT_RETURN_TYPE = YES;
				GCC_WARN_UNUSED_VARIABLE = YES;
				HEADER_SEARCH_PATHS = (
					"$(OF_CORE_HEADERS)",
					src,
				);
				IPHONEOS_DEPLOYMENT_TARGET = 5.1;
				ONLY_ACTIVE_ARCH = NO;
				PREBINDING = NO;
				PROVISIONING_PROFILE = "CB44CC31-805F-4C6B-8F8C-83E980323B97";
				"PROVISIONING_PROFILE[sdk=iphoneos*]" = "CB44CC31-805F-4C6B-8F8C-83E980323B97";
				SDKROOT = iphoneos;
				TARGETED_DEVICE_FAMILY = 1;
				WARNING_LDFLAGS = "-no_arch_warnings";
			};
			name = Release;
		};
/* End XCBuildConfiguration section */

/* Begin XCConfigurationList section */
		1D6058960D05DD3E006BFB54 /* Build configuration list for PBXNativeTarget "ESS" */ = {
			isa = XCConfigurationList;
			buildConfigurations = (
				1D6058940D05DD3E006BFB54 /* Debug */,
				1D6058950D05DD3E006BFB54 /* Release */,
			);
			defaultConfigurationIsVisible = 0;
			defaultConfigurationName = Release;
		};
		C01FCF4E08A954540054247B /* Build configuration list for PBXProject "ESS" */ = {
			isa = XCConfigurationList;
			buildConfigurations = (
				C01FCF4F08A954540054247B /* Debug */,
				C01FCF5008A954540054247B /* Release */,
			);
			defaultConfigurationIsVisible = 0;
			defaultConfigurationName = Release;
		};
/* End XCConfigurationList section */
	};
	rootObject = 29B97313FDCFA39411CA2CEA /* Project object */;
}
